// !$*UTF8*$!
{
	archiveVersion = 1;
	classes = {
	};
	objectVersion = 50;
	objects = {

/* Begin PBXBuildFile section */
		755444090987F2353F58D88D /* Pods_NYTMostPopularTests.framework in Frameworks */ = {isa = PBXBuildFile; fileRef = 6B096F2C1BD72A1BAF5F865D /* Pods_NYTMostPopularTests.framework */; };
		7699C889688FEEA3033ACE62 /* Pods_NYTMostPopularUITests.framework in Frameworks */ = {isa = PBXBuildFile; fileRef = 08FBB4BCF45273FC7E62469C /* Pods_NYTMostPopularUITests.framework */; };
		8096503C16ABE2F3A7C1DA77 /* Pods_NYTMostPopular.framework in Frameworks */ = {isa = PBXBuildFile; fileRef = 2B9C846B4F10C9E657E52275 /* Pods_NYTMostPopular.framework */; };
		DCCBF43A219A10D00093A251 /* AppDelegate.swift in Sources */ = {isa = PBXBuildFile; fileRef = DCCBF439219A10D00093A251 /* AppDelegate.swift */; };
		DCCBF43F219A10D00093A251 /* Main.storyboard in Resources */ = {isa = PBXBuildFile; fileRef = DCCBF43D219A10D00093A251 /* Main.storyboard */; };
		DCCBF441219A10D10093A251 /* Assets.xcassets in Resources */ = {isa = PBXBuildFile; fileRef = DCCBF440219A10D10093A251 /* Assets.xcassets */; };
		DCCBF444219A10D10093A251 /* LaunchScreen.storyboard in Resources */ = {isa = PBXBuildFile; fileRef = DCCBF442219A10D10093A251 /* LaunchScreen.storyboard */; };
		DCCBF44F219A10D10093A251 /* NYTMostPopularTests.swift in Sources */ = {isa = PBXBuildFile; fileRef = DCCBF44E219A10D10093A251 /* NYTMostPopularTests.swift */; };
		DCCBF45A219A10D20093A251 /* NYTMostPopularUITests.swift in Sources */ = {isa = PBXBuildFile; fileRef = DCCBF459219A10D20093A251 /* NYTMostPopularUITests.swift */; };
		DCCBF46B219A24D70093A251 /* MasterVC.swift in Sources */ = {isa = PBXBuildFile; fileRef = DCCBF46A219A24D70093A251 /* MasterVC.swift */; };
		DCCBF46E219A27970093A251 /* Constants.swift in Sources */ = {isa = PBXBuildFile; fileRef = DCCBF46D219A27970093A251 /* Constants.swift */; };
		DCCBF470219A29120093A251 /* MasterCell.swift in Sources */ = {isa = PBXBuildFile; fileRef = DCCBF46F219A29120093A251 /* MasterCell.swift */; };
		DCCBF473219A2AAB0093A251 /* ConnectionManager.swift in Sources */ = {isa = PBXBuildFile; fileRef = DCCBF472219A2AAB0093A251 /* ConnectionManager.swift */; };
		DCCBF475219A2AE20093A251 /* APIManager.swift in Sources */ = {isa = PBXBuildFile; fileRef = DCCBF474219A2AE20093A251 /* APIManager.swift */; };
		DCCBF477219A2DE90093A251 /* Hit.swift in Sources */ = {isa = PBXBuildFile; fileRef = DCCBF476219A2DE90093A251 /* Hit.swift */; };
		DCCBF479219A2E060093A251 /* Result.swift in Sources */ = {isa = PBXBuildFile; fileRef = DCCBF478219A2E060093A251 /* Result.swift */; };
		DCCBF47B219A2E510093A251 /* Facet.swift in Sources */ = {isa = PBXBuildFile; fileRef = DCCBF47A219A2E510093A251 /* Facet.swift */; };
		DCCBF47D219A2F970093A251 /* Extensions.swift in Sources */ = {isa = PBXBuildFile; fileRef = DCCBF47C219A2F970093A251 /* Extensions.swift */; };
		DCCBF47F219A300E0093A251 /* Helpers.swift in Sources */ = {isa = PBXBuildFile; fileRef = DCCBF47E219A300E0093A251 /* Helpers.swift */; };
		DCCBF481219A5A5C0093A251 /* DetailsVC.swift in Sources */ = {isa = PBXBuildFile; fileRef = DCCBF480219A5A5C0093A251 /* DetailsVC.swift */; };
		DCCBF483219AFC9B0093A251 /* PrimarySplitVC.swift in Sources */ = {isa = PBXBuildFile; fileRef = DCCBF482219AFC9A0093A251 /* PrimarySplitVC.swift */; };
/* End PBXBuildFile section */

/* Begin PBXContainerItemProxy section */
		DCCBF44B219A10D10093A251 /* PBXContainerItemProxy */ = {
			isa = PBXContainerItemProxy;
			containerPortal = DCCBF42E219A10D00093A251 /* Project object */;
			proxyType = 1;
			remoteGlobalIDString = DCCBF435219A10D00093A251;
			remoteInfo = NYTMostPopular;
		};
		DCCBF456219A10D10093A251 /* PBXContainerItemProxy */ = {
			isa = PBXContainerItemProxy;
			containerPortal = DCCBF42E219A10D00093A251 /* Project object */;
			proxyType = 1;
			remoteGlobalIDString = DCCBF435219A10D00093A251;
			remoteInfo = NYTMostPopular;
		};
/* End PBXContainerItemProxy section */

/* Begin PBXFileReference section */
		08FBB4BCF45273FC7E62469C /* Pods_NYTMostPopularUITests.framework */ = {isa = PBXFileReference; explicitFileType = wrapper.framework; includeInIndex = 0; path = Pods_NYTMostPopularUITests.framework; sourceTree = BUILT_PRODUCTS_DIR; };
		2B9C846B4F10C9E657E52275 /* Pods_NYTMostPopular.framework */ = {isa = PBXFileReference; explicitFileType = wrapper.framework; includeInIndex = 0; path = Pods_NYTMostPopular.framework; sourceTree = BUILT_PRODUCTS_DIR; };
		610BE2AFCC830792D1B03453 /* Pods-NYTMostPopular.debug.xcconfig */ = {isa = PBXFileReference; includeInIndex = 1; lastKnownFileType = text.xcconfig; name = "Pods-NYTMostPopular.debug.xcconfig"; path = "Pods/Target Support Files/Pods-NYTMostPopular/Pods-NYTMostPopular.debug.xcconfig"; sourceTree = "<group>"; };
		695D05899E0D0E8FEA0B14D2 /* Pods-NYTMostPopularUITests.debug.xcconfig */ = {isa = PBXFileReference; includeInIndex = 1; lastKnownFileType = text.xcconfig; name = "Pods-NYTMostPopularUITests.debug.xcconfig"; path = "Pods/Target Support Files/Pods-NYTMostPopularUITests/Pods-NYTMostPopularUITests.debug.xcconfig"; sourceTree = "<group>"; };
		6B096F2C1BD72A1BAF5F865D /* Pods_NYTMostPopularTests.framework */ = {isa = PBXFileReference; explicitFileType = wrapper.framework; includeInIndex = 0; path = Pods_NYTMostPopularTests.framework; sourceTree = BUILT_PRODUCTS_DIR; };
		9A9FF7E8499FFBB1947C7363 /* Pods-NYTMostPopularTests.debug.xcconfig */ = {isa = PBXFileReference; includeInIndex = 1; lastKnownFileType = text.xcconfig; name = "Pods-NYTMostPopularTests.debug.xcconfig"; path = "Pods/Target Support Files/Pods-NYTMostPopularTests/Pods-NYTMostPopularTests.debug.xcconfig"; sourceTree = "<group>"; };
		A557F134EBBF53873BBC9E9C /* Pods-NYTMostPopular.release.xcconfig */ = {isa = PBXFileReference; includeInIndex = 1; lastKnownFileType = text.xcconfig; name = "Pods-NYTMostPopular.release.xcconfig"; path = "Pods/Target Support Files/Pods-NYTMostPopular/Pods-NYTMostPopular.release.xcconfig"; sourceTree = "<group>"; };
		ACA899B466DE7DB6C3BE6853 /* Pods-NYTMostPopularUITests.release.xcconfig */ = {isa = PBXFileReference; includeInIndex = 1; lastKnownFileType = text.xcconfig; name = "Pods-NYTMostPopularUITests.release.xcconfig"; path = "Pods/Target Support Files/Pods-NYTMostPopularUITests/Pods-NYTMostPopularUITests.release.xcconfig"; sourceTree = "<group>"; };
		DCCBF436219A10D00093A251 /* NYTMostPopular.app */ = {isa = PBXFileReference; explicitFileType = wrapper.application; includeInIndex = 0; path = NYTMostPopular.app; sourceTree = BUILT_PRODUCTS_DIR; };
		DCCBF439219A10D00093A251 /* AppDelegate.swift */ = {isa = PBXFileReference; lastKnownFileType = sourcecode.swift; path = AppDelegate.swift; sourceTree = "<group>"; };
		DCCBF43E219A10D00093A251 /* Base */ = {isa = PBXFileReference; lastKnownFileType = file.storyboard; name = Base; path = Base.lproj/Main.storyboard; sourceTree = "<group>"; };
		DCCBF440219A10D10093A251 /* Assets.xcassets */ = {isa = PBXFileReference; lastKnownFileType = folder.assetcatalog; path = Assets.xcassets; sourceTree = "<group>"; };
		DCCBF443219A10D10093A251 /* Base */ = {isa = PBXFileReference; lastKnownFileType = file.storyboard; name = Base; path = Base.lproj/LaunchScreen.storyboard; sourceTree = "<group>"; };
		DCCBF445219A10D10093A251 /* Info.plist */ = {isa = PBXFileReference; lastKnownFileType = text.plist.xml; path = Info.plist; sourceTree = "<group>"; };
		DCCBF44A219A10D10093A251 /* NYTMostPopularTests.xctest */ = {isa = PBXFileReference; explicitFileType = wrapper.cfbundle; includeInIndex = 0; path = NYTMostPopularTests.xctest; sourceTree = BUILT_PRODUCTS_DIR; };
		DCCBF44E219A10D10093A251 /* NYTMostPopularTests.swift */ = {isa = PBXFileReference; lastKnownFileType = sourcecode.swift; path = NYTMostPopularTests.swift; sourceTree = "<group>"; };
		DCCBF450219A10D10093A251 /* Info.plist */ = {isa = PBXFileReference; lastKnownFileType = text.plist.xml; path = Info.plist; sourceTree = "<group>"; };
		DCCBF455219A10D10093A251 /* NYTMostPopularUITests.xctest */ = {isa = PBXFileReference; explicitFileType = wrapper.cfbundle; includeInIndex = 0; path = NYTMostPopularUITests.xctest; sourceTree = BUILT_PRODUCTS_DIR; };
		DCCBF459219A10D20093A251 /* NYTMostPopularUITests.swift */ = {isa = PBXFileReference; lastKnownFileType = sourcecode.swift; path = NYTMostPopularUITests.swift; sourceTree = "<group>"; };
		DCCBF45B219A10D20093A251 /* Info.plist */ = {isa = PBXFileReference; lastKnownFileType = text.plist.xml; path = Info.plist; sourceTree = "<group>"; };
		DCCBF46A219A24D70093A251 /* MasterVC.swift */ = {isa = PBXFileReference; lastKnownFileType = sourcecode.swift; path = MasterVC.swift; sourceTree = "<group>"; };
		DCCBF46D219A27970093A251 /* Constants.swift */ = {isa = PBXFileReference; lastKnownFileType = sourcecode.swift; path = Constants.swift; sourceTree = "<group>"; };
		DCCBF46F219A29120093A251 /* MasterCell.swift */ = {isa = PBXFileReference; lastKnownFileType = sourcecode.swift; path = MasterCell.swift; sourceTree = "<group>"; };
		DCCBF472219A2AAB0093A251 /* ConnectionManager.swift */ = {isa = PBXFileReference; lastKnownFileType = sourcecode.swift; path = ConnectionManager.swift; sourceTree = "<group>"; };
		DCCBF474219A2AE20093A251 /* APIManager.swift */ = {isa = PBXFileReference; lastKnownFileType = sourcecode.swift; path = APIManager.swift; sourceTree = "<group>"; };
		DCCBF476219A2DE90093A251 /* Hit.swift */ = {isa = PBXFileReference; lastKnownFileType = sourcecode.swift; path = Hit.swift; sourceTree = "<group>"; };
		DCCBF478219A2E060093A251 /* Result.swift */ = {isa = PBXFileReference; lastKnownFileType = sourcecode.swift; path = Result.swift; sourceTree = "<group>"; };
		DCCBF47A219A2E510093A251 /* Facet.swift */ = {isa = PBXFileReference; lastKnownFileType = sourcecode.swift; path = Facet.swift; sourceTree = "<group>"; };
		DCCBF47C219A2F970093A251 /* Extensions.swift */ = {isa = PBXFileReference; lastKnownFileType = sourcecode.swift; path = Extensions.swift; sourceTree = "<group>"; };
		DCCBF47E219A300E0093A251 /* Helpers.swift */ = {isa = PBXFileReference; lastKnownFileType = sourcecode.swift; path = Helpers.swift; sourceTree = "<group>"; };
		DCCBF480219A5A5C0093A251 /* DetailsVC.swift */ = {isa = PBXFileReference; lastKnownFileType = sourcecode.swift; path = DetailsVC.swift; sourceTree = "<group>"; };
		DCCBF482219AFC9A0093A251 /* PrimarySplitVC.swift */ = {isa = PBXFileReference; lastKnownFileType = sourcecode.swift; path = PrimarySplitVC.swift; sourceTree = "<group>"; };
		FB4A090BA59DB8F6B9737DC8 /* Pods-NYTMostPopularTests.release.xcconfig */ = {isa = PBXFileReference; includeInIndex = 1; lastKnownFileType = text.xcconfig; name = "Pods-NYTMostPopularTests.release.xcconfig"; path = "Pods/Target Support Files/Pods-NYTMostPopularTests/Pods-NYTMostPopularTests.release.xcconfig"; sourceTree = "<group>"; };
/* End PBXFileReference section */

/* Begin PBXFrameworksBuildPhase section */
		DCCBF433219A10D00093A251 /* Frameworks */ = {
			isa = PBXFrameworksBuildPhase;
			buildActionMask = 2147483647;
			files = (
				8096503C16ABE2F3A7C1DA77 /* Pods_NYTMostPopular.framework in Frameworks */,
			);
			runOnlyForDeploymentPostprocessing = 0;
		};
		DCCBF447219A10D10093A251 /* Frameworks */ = {
			isa = PBXFrameworksBuildPhase;
			buildActionMask = 2147483647;
			files = (
				755444090987F2353F58D88D /* Pods_NYTMostPopularTests.framework in Frameworks */,
			);
			runOnlyForDeploymentPostprocessing = 0;
		};
		DCCBF452219A10D10093A251 /* Frameworks */ = {
			isa = PBXFrameworksBuildPhase;
			buildActionMask = 2147483647;
			files = (
				7699C889688FEEA3033ACE62 /* Pods_NYTMostPopularUITests.framework in Frameworks */,
			);
			runOnlyForDeploymentPostprocessing = 0;
		};
/* End PBXFrameworksBuildPhase section */

/* Begin PBXGroup section */
		5EEAC05A29751BC6BE35B230 /* Frameworks */ = {
			isa = PBXGroup;
			children = (
				2B9C846B4F10C9E657E52275 /* Pods_NYTMostPopular.framework */,
				6B096F2C1BD72A1BAF5F865D /* Pods_NYTMostPopularTests.framework */,
				08FBB4BCF45273FC7E62469C /* Pods_NYTMostPopularUITests.framework */,
			);
			name = Frameworks;
			sourceTree = "<group>";
		};
		AFF6BC8AC069FA7E8C5532AD /* Pods */ = {
			isa = PBXGroup;
			children = (
				610BE2AFCC830792D1B03453 /* Pods-NYTMostPopular.debug.xcconfig */,
				A557F134EBBF53873BBC9E9C /* Pods-NYTMostPopular.release.xcconfig */,
				9A9FF7E8499FFBB1947C7363 /* Pods-NYTMostPopularTests.debug.xcconfig */,
				FB4A090BA59DB8F6B9737DC8 /* Pods-NYTMostPopularTests.release.xcconfig */,
				695D05899E0D0E8FEA0B14D2 /* Pods-NYTMostPopularUITests.debug.xcconfig */,
				ACA899B466DE7DB6C3BE6853 /* Pods-NYTMostPopularUITests.release.xcconfig */,
			);
			name = Pods;
			sourceTree = "<group>";
		};
		DCCBF42D219A10D00093A251 = {
			isa = PBXGroup;
			children = (
				DCCBF438219A10D00093A251 /* NYTMostPopular */,
				DCCBF44D219A10D10093A251 /* NYTMostPopularTests */,
				DCCBF458219A10D20093A251 /* NYTMostPopularUITests */,
				DCCBF437219A10D00093A251 /* Products */,
				AFF6BC8AC069FA7E8C5532AD /* Pods */,
				5EEAC05A29751BC6BE35B230 /* Frameworks */,
			);
			sourceTree = "<group>";
		};
		DCCBF437219A10D00093A251 /* Products */ = {
			isa = PBXGroup;
			children = (
				DCCBF436219A10D00093A251 /* NYTMostPopular.app */,
				DCCBF44A219A10D10093A251 /* NYTMostPopularTests.xctest */,
				DCCBF455219A10D10093A251 /* NYTMostPopularUITests.xctest */,
			);
			name = Products;
			sourceTree = "<group>";
		};
		DCCBF438219A10D00093A251 /* NYTMostPopular */ = {
			isa = PBXGroup;
			children = (
				DCCBF471219A2A620093A251 /* Networking */,
				DCCBF46C219A27850093A251 /* Helpers */,
				DCCBF467219A23C20093A251 /* Model */,
				DCCBF468219A23CE0093A251 /* View */,
				DCCBF469219A23D50093A251 /* Controller */,
				DCCBF439219A10D00093A251 /* AppDelegate.swift */,
				DCCBF43D219A10D00093A251 /* Main.storyboard */,
				DCCBF442219A10D10093A251 /* LaunchScreen.storyboard */,
				DCCBF440219A10D10093A251 /* Assets.xcassets */,
				DCCBF445219A10D10093A251 /* Info.plist */,
			);
			path = NYTMostPopular;
			sourceTree = "<group>";
		};
		DCCBF44D219A10D10093A251 /* NYTMostPopularTests */ = {
			isa = PBXGroup;
			children = (
				DCCBF44E219A10D10093A251 /* NYTMostPopularTests.swift */,
				DCCBF450219A10D10093A251 /* Info.plist */,
			);
			path = NYTMostPopularTests;
			sourceTree = "<group>";
		};
		DCCBF458219A10D20093A251 /* NYTMostPopularUITests */ = {
			isa = PBXGroup;
			children = (
				DCCBF459219A10D20093A251 /* NYTMostPopularUITests.swift */,
				DCCBF45B219A10D20093A251 /* Info.plist */,
			);
			path = NYTMostPopularUITests;
			sourceTree = "<group>";
		};
		DCCBF467219A23C20093A251 /* Model */ = {
			isa = PBXGroup;
			children = (
				DCCBF476219A2DE90093A251 /* Hit.swift */,
				DCCBF478219A2E060093A251 /* Result.swift */,
				DCCBF47A219A2E510093A251 /* Facet.swift */,
			);
			path = Model;
			sourceTree = "<group>";
		};
		DCCBF468219A23CE0093A251 /* View */ = {
			isa = PBXGroup;
			children = (
				DCCBF46F219A29120093A251 /* MasterCell.swift */,
			);
			path = View;
			sourceTree = "<group>";
		};
		DCCBF469219A23D50093A251 /* Controller */ = {
			isa = PBXGroup;
			children = (
				DCCBF46A219A24D70093A251 /* MasterVC.swift */,
				DCCBF480219A5A5C0093A251 /* DetailsVC.swift */,
				DCCBF482219AFC9A0093A251 /* PrimarySplitVC.swift */,
			);
			path = Controller;
			sourceTree = "<group>";
		};
		DCCBF46C219A27850093A251 /* Helpers */ = {
			isa = PBXGroup;
			children = (
				DCCBF46D219A27970093A251 /* Constants.swift */,
				DCCBF47C219A2F970093A251 /* Extensions.swift */,
				DCCBF47E219A300E0093A251 /* Helpers.swift */,
			);
			path = Helpers;
			sourceTree = "<group>";
		};
		DCCBF471219A2A620093A251 /* Networking */ = {
			isa = PBXGroup;
			children = (
				DCCBF472219A2AAB0093A251 /* ConnectionManager.swift */,
				DCCBF474219A2AE20093A251 /* APIManager.swift */,
			);
			path = Networking;
			sourceTree = "<group>";
		};
/* End PBXGroup section */

/* Begin PBXNativeTarget section */
		DCCBF435219A10D00093A251 /* NYTMostPopular */ = {
			isa = PBXNativeTarget;
			buildConfigurationList = DCCBF45E219A10D20093A251 /* Build configuration list for PBXNativeTarget "NYTMostPopular" */;
			buildPhases = (
				3FAA204E975BC196FAF54145 /* [CP] Check Pods Manifest.lock */,
				DCCBF432219A10D00093A251 /* Sources */,
				DCCBF433219A10D00093A251 /* Frameworks */,
				DCCBF434219A10D00093A251 /* Resources */,
				D77A70FCDFBD80DBB02A2EE9 /* [CP] Embed Pods Frameworks */,
				554719DCAF49D63802D9A7F1 /* [CP] Copy Pods Resources */,
			);
			buildRules = (
			);
			dependencies = (
			);
			name = NYTMostPopular;
			productName = NYTMostPopular;
			productReference = DCCBF436219A10D00093A251 /* NYTMostPopular.app */;
			productType = "com.apple.product-type.application";
		};
		DCCBF449219A10D10093A251 /* NYTMostPopularTests */ = {
			isa = PBXNativeTarget;
			buildConfigurationList = DCCBF461219A10D20093A251 /* Build configuration list for PBXNativeTarget "NYTMostPopularTests" */;
			buildPhases = (
				AFB4563CD52A2E70ECFB2279 /* [CP] Check Pods Manifest.lock */,
				DCCBF446219A10D10093A251 /* Sources */,
				DCCBF447219A10D10093A251 /* Frameworks */,
				DCCBF448219A10D10093A251 /* Resources */,
				5D1068C07290E868C3F6B317 /* [CP] Embed Pods Frameworks */,
				292B1B7E3072AA695D8DB3FF /* [CP] Copy Pods Resources */,
			);
			buildRules = (
			);
			dependencies = (
				DCCBF44C219A10D10093A251 /* PBXTargetDependency */,
			);
			name = NYTMostPopularTests;
			productName = NYTMostPopularTests;
			productReference = DCCBF44A219A10D10093A251 /* NYTMostPopularTests.xctest */;
			productType = "com.apple.product-type.bundle.unit-test";
		};
		DCCBF454219A10D10093A251 /* NYTMostPopularUITests */ = {
			isa = PBXNativeTarget;
			buildConfigurationList = DCCBF464219A10D20093A251 /* Build configuration list for PBXNativeTarget "NYTMostPopularUITests" */;
			buildPhases = (
				31AC4A84897901E331C799F4 /* [CP] Check Pods Manifest.lock */,
				DCCBF451219A10D10093A251 /* Sources */,
				DCCBF452219A10D10093A251 /* Frameworks */,
				DCCBF453219A10D10093A251 /* Resources */,
				D592210B0B152D48FF33A8D2 /* [CP] Embed Pods Frameworks */,
				163166F8EE546EE0A420DD91 /* [CP] Copy Pods Resources */,
			);
			buildRules = (
			);
			dependencies = (
				DCCBF457219A10D10093A251 /* PBXTargetDependency */,
			);
			name = NYTMostPopularUITests;
			productName = NYTMostPopularUITests;
			productReference = DCCBF455219A10D10093A251 /* NYTMostPopularUITests.xctest */;
			productType = "com.apple.product-type.bundle.ui-testing";
		};
/* End PBXNativeTarget section */

/* Begin PBXProject section */
		DCCBF42E219A10D00093A251 /* Project object */ = {
			isa = PBXProject;
			attributes = {
				LastSwiftUpdateCheck = 1000;
				LastUpgradeCheck = 1000;
				ORGANIZATIONNAME = "Eslam Shaker ";
				TargetAttributes = {
					DCCBF435219A10D00093A251 = {
						CreatedOnToolsVersion = 10.0;
					};
					DCCBF449219A10D10093A251 = {
						CreatedOnToolsVersion = 10.0;
						TestTargetID = DCCBF435219A10D00093A251;
					};
					DCCBF454219A10D10093A251 = {
						CreatedOnToolsVersion = 10.0;
						TestTargetID = DCCBF435219A10D00093A251;
					};
				};
			};
			buildConfigurationList = DCCBF431219A10D00093A251 /* Build configuration list for PBXProject "NYTMostPopular" */;
			compatibilityVersion = "Xcode 9.3";
			developmentRegion = en;
			hasScannedForEncodings = 0;
			knownRegions = (
				en,
				Base,
			);
			mainGroup = DCCBF42D219A10D00093A251;
			productRefGroup = DCCBF437219A10D00093A251 /* Products */;
			projectDirPath = "";
			projectRoot = "";
			targets = (
				DCCBF435219A10D00093A251 /* NYTMostPopular */,
				DCCBF449219A10D10093A251 /* NYTMostPopularTests */,
				DCCBF454219A10D10093A251 /* NYTMostPopularUITests */,
			);
		};
/* End PBXProject section */

/* Begin PBXResourcesBuildPhase section */
		DCCBF434219A10D00093A251 /* Resources */ = {
			isa = PBXResourcesBuildPhase;
			buildActionMask = 2147483647;
			files = (
				DCCBF444219A10D10093A251 /* LaunchScreen.storyboard in Resources */,
				DCCBF441219A10D10093A251 /* Assets.xcassets in Resources */,
				DCCBF43F219A10D00093A251 /* Main.storyboard in Resources */,
			);
			runOnlyForDeploymentPostprocessing = 0;
		};
		DCCBF448219A10D10093A251 /* Resources */ = {
			isa = PBXResourcesBuildPhase;
			buildActionMask = 2147483647;
			files = (
			);
			runOnlyForDeploymentPostprocessing = 0;
		};
		DCCBF453219A10D10093A251 /* Resources */ = {
			isa = PBXResourcesBuildPhase;
			buildActionMask = 2147483647;
			files = (
			);
			runOnlyForDeploymentPostprocessing = 0;
		};
/* End PBXResourcesBuildPhase section */

/* Begin PBXShellScriptBuildPhase section */
		163166F8EE546EE0A420DD91 /* [CP] Copy Pods Resources */ = {
			isa = PBXShellScriptBuildPhase;
			buildActionMask = 2147483647;
			files = (
			);
			inputPaths = (
			);
			name = "[CP] Copy Pods Resources";
			outputPaths = (
			);
			runOnlyForDeploymentPostprocessing = 0;
			shellPath = /bin/sh;
			shellScript = "\"${SRCROOT}/Pods/Target Support Files/Pods-NYTMostPopularUITests/Pods-NYTMostPopularUITests-resources.sh\"\n";
			showEnvVarsInLog = 0;
		};
		292B1B7E3072AA695D8DB3FF /* [CP] Copy Pods Resources */ = {
			isa = PBXShellScriptBuildPhase;
			buildActionMask = 2147483647;
			files = (
			);
			inputPaths = (
			);
			name = "[CP] Copy Pods Resources";
			outputPaths = (
			);
			runOnlyForDeploymentPostprocessing = 0;
			shellPath = /bin/sh;
			shellScript = "\"${SRCROOT}/Pods/Target Support Files/Pods-NYTMostPopularTests/Pods-NYTMostPopularTests-resources.sh\"\n";
			showEnvVarsInLog = 0;
		};
		31AC4A84897901E331C799F4 /* [CP] Check Pods Manifest.lock */ = {
			isa = PBXShellScriptBuildPhase;
			buildActionMask = 2147483647;
			files = (
			);
			inputPaths = (
				"${PODS_PODFILE_DIR_PATH}/Podfile.lock",
				"${PODS_ROOT}/Manifest.lock",
			);
			name = "[CP] Check Pods Manifest.lock";
			outputPaths = (
				"$(DERIVED_FILE_DIR)/Pods-NYTMostPopularUITests-checkManifestLockResult.txt",
			);
			runOnlyForDeploymentPostprocessing = 0;
			shellPath = /bin/sh;
			shellScript = "diff \"${PODS_PODFILE_DIR_PATH}/Podfile.lock\" \"${PODS_ROOT}/Manifest.lock\" > /dev/null\nif [ $? != 0 ] ; then\n    # print error to STDERR\n    echo \"error: The sandbox is not in sync with the Podfile.lock. Run 'pod install' or update your CocoaPods installation.\" >&2\n    exit 1\nfi\n# This output is used by Xcode 'outputs' to avoid re-running this script phase.\necho \"SUCCESS\" > \"${SCRIPT_OUTPUT_FILE_0}\"\n";
			showEnvVarsInLog = 0;
		};
		3FAA204E975BC196FAF54145 /* [CP] Check Pods Manifest.lock */ = {
			isa = PBXShellScriptBuildPhase;
			buildActionMask = 2147483647;
			files = (
			);
			inputPaths = (
				"${PODS_PODFILE_DIR_PATH}/Podfile.lock",
				"${PODS_ROOT}/Manifest.lock",
			);
			name = "[CP] Check Pods Manifest.lock";
			outputPaths = (
				"$(DERIVED_FILE_DIR)/Pods-NYTMostPopular-checkManifestLockResult.txt",
			);
			runOnlyForDeploymentPostprocessing = 0;
			shellPath = /bin/sh;
			shellScript = "diff \"${PODS_PODFILE_DIR_PATH}/Podfile.lock\" \"${PODS_ROOT}/Manifest.lock\" > /dev/null\nif [ $? != 0 ] ; then\n    # print error to STDERR\n    echo \"error: The sandbox is not in sync with the Podfile.lock. Run 'pod install' or update your CocoaPods installation.\" >&2\n    exit 1\nfi\n# This output is used by Xcode 'outputs' to avoid re-running this script phase.\necho \"SUCCESS\" > \"${SCRIPT_OUTPUT_FILE_0}\"\n";
			showEnvVarsInLog = 0;
		};
		554719DCAF49D63802D9A7F1 /* [CP] Copy Pods Resources */ = {
			isa = PBXShellScriptBuildPhase;
			buildActionMask = 2147483647;
			files = (
			);
			inputPaths = (
			);
			name = "[CP] Copy Pods Resources";
			outputPaths = (
			);
			runOnlyForDeploymentPostprocessing = 0;
			shellPath = /bin/sh;
			shellScript = "\"${SRCROOT}/Pods/Target Support Files/Pods-NYTMostPopular/Pods-NYTMostPopular-resources.sh\"\n";
			showEnvVarsInLog = 0;
		};
		5D1068C07290E868C3F6B317 /* [CP] Embed Pods Frameworks */ = {
			isa = PBXShellScriptBuildPhase;
			buildActionMask = 2147483647;
			files = (
			);
			inputPaths = (
			);
			name = "[CP] Embed Pods Frameworks";
			outputPaths = (
			);
			runOnlyForDeploymentPostprocessing = 0;
			shellPath = /bin/sh;
			shellScript = "\"${SRCROOT}/Pods/Target Support Files/Pods-NYTMostPopularTests/Pods-NYTMostPopularTests-frameworks.sh\"\n";
			showEnvVarsInLog = 0;
		};
		AFB4563CD52A2E70ECFB2279 /* [CP] Check Pods Manifest.lock */ = {
			isa = PBXShellScriptBuildPhase;
			buildActionMask = 2147483647;
			files = (
			);
			inputPaths = (
				"${PODS_PODFILE_DIR_PATH}/Podfile.lock",
				"${PODS_ROOT}/Manifest.lock",
			);
			name = "[CP] Check Pods Manifest.lock";
			outputPaths = (
				"$(DERIVED_FILE_DIR)/Pods-NYTMostPopularTests-checkManifestLockResult.txt",
			);
			runOnlyForDeploymentPostprocessing = 0;
			shellPath = /bin/sh;
			shellScript = "diff \"${PODS_PODFILE_DIR_PATH}/Podfile.lock\" \"${PODS_ROOT}/Manifest.lock\" > /dev/null\nif [ $? != 0 ] ; then\n    # print error to STDERR\n    echo \"error: The sandbox is not in sync with the Podfile.lock. Run 'pod install' or update your CocoaPods installation.\" >&2\n    exit 1\nfi\n# This output is used by Xcode 'outputs' to avoid re-running this script phase.\necho \"SUCCESS\" > \"${SCRIPT_OUTPUT_FILE_0}\"\n";
			showEnvVarsInLog = 0;
		};
		D592210B0B152D48FF33A8D2 /* [CP] Embed Pods Frameworks */ = {
			isa = PBXShellScriptBuildPhase;
			buildActionMask = 2147483647;
			files = (
			);
			inputPaths = (
			);
			name = "[CP] Embed Pods Frameworks";
			outputPaths = (
			);
			runOnlyForDeploymentPostprocessing = 0;
			shellPath = /bin/sh;
			shellScript = "\"${SRCROOT}/Pods/Target Support Files/Pods-NYTMostPopularUITests/Pods-NYTMostPopularUITests-frameworks.sh\"\n";
			showEnvVarsInLog = 0;
		};
		D77A70FCDFBD80DBB02A2EE9 /* [CP] Embed Pods Frameworks */ = {
			isa = PBXShellScriptBuildPhase;
			buildActionMask = 2147483647;
			files = (
			);
			inputPaths = (
				"${SRCROOT}/Pods/Target Support Files/Pods-NYTMostPopular/Pods-NYTMostPopular-frameworks.sh",
				"${BUILT_PRODUCTS_DIR}/Alamofire/Alamofire.framework",
				"${BUILT_PRODUCTS_DIR}/SDWebImage/SDWebImage.framework",
			);
			name = "[CP] Embed Pods Frameworks";
			outputPaths = (
				"${TARGET_BUILD_DIR}/${FRAMEWORKS_FOLDER_PATH}/Alamofire.framework",
				"${TARGET_BUILD_DIR}/${FRAMEWORKS_FOLDER_PATH}/SDWebImage.framework",
			);
			runOnlyForDeploymentPostprocessing = 0;
			shellPath = /bin/sh;
			shellScript = "\"${SRCROOT}/Pods/Target Support Files/Pods-NYTMostPopular/Pods-NYTMostPopular-frameworks.sh\"\n";
			showEnvVarsInLog = 0;
		};
/* End PBXShellScriptBuildPhase section */

/* Begin PBXSourcesBuildPhase section */
		DCCBF432219A10D00093A251 /* Sources */ = {
			isa = PBXSourcesBuildPhase;
			buildActionMask = 2147483647;
			files = (
				DCCBF483219AFC9B0093A251 /* PrimarySplitVC.swift in Sources */,
				DCCBF477219A2DE90093A251 /* Hit.swift in Sources */,
				DCCBF481219A5A5C0093A251 /* DetailsVC.swift in Sources */,
				DCCBF475219A2AE20093A251 /* APIManager.swift in Sources */,
				DCCBF473219A2AAB0093A251 /* ConnectionManager.swift in Sources */,
				DCCBF46B219A24D70093A251 /* MasterVC.swift in Sources */,
				DCCBF47F219A300E0093A251 /* Helpers.swift in Sources */,
				DCCBF43A219A10D00093A251 /* AppDelegate.swift in Sources */,
				DCCBF47D219A2F970093A251 /* Extensions.swift in Sources */,
				DCCBF46E219A27970093A251 /* Constants.swift in Sources */,
				DCCBF479219A2E060093A251 /* Result.swift in Sources */,
				DCCBF470219A29120093A251 /* MasterCell.swift in Sources */,
				DCCBF47B219A2E510093A251 /* Facet.swift in Sources */,
			);
			runOnlyForDeploymentPostprocessing = 0;
		};
		DCCBF446219A10D10093A251 /* Sources */ = {
			isa = PBXSourcesBuildPhase;
			buildActionMask = 2147483647;
			files = (
				DCCBF44F219A10D10093A251 /* NYTMostPopularTests.swift in Sources */,
			);
			runOnlyForDeploymentPostprocessing = 0;
		};
		DCCBF451219A10D10093A251 /* Sources */ = {
			isa = PBXSourcesBuildPhase;
			buildActionMask = 2147483647;
			files = (
				DCCBF45A219A10D20093A251 /* NYTMostPopularUITests.swift in Sources */,
			);
			runOnlyForDeploymentPostprocessing = 0;
		};
/* End PBXSourcesBuildPhase section */

/* Begin PBXTargetDependency section */
		DCCBF44C219A10D10093A251 /* PBXTargetDependency */ = {
			isa = PBXTargetDependency;
			target = DCCBF435219A10D00093A251 /* NYTMostPopular */;
			targetProxy = DCCBF44B219A10D10093A251 /* PBXContainerItemProxy */;
		};
		DCCBF457219A10D10093A251 /* PBXTargetDependency */ = {
			isa = PBXTargetDependency;
			target = DCCBF435219A10D00093A251 /* NYTMostPopular */;
			targetProxy = DCCBF456219A10D10093A251 /* PBXContainerItemProxy */;
		};
/* End PBXTargetDependency section */

/* Begin PBXVariantGroup section */
		DCCBF43D219A10D00093A251 /* Main.storyboard */ = {
			isa = PBXVariantGroup;
			children = (
				DCCBF43E219A10D00093A251 /* Base */,
			);
			name = Main.storyboard;
			sourceTree = "<group>";
		};
		DCCBF442219A10D10093A251 /* LaunchScreen.storyboard */ = {
			isa = PBXVariantGroup;
			children = (
				DCCBF443219A10D10093A251 /* Base */,
			);
			name = LaunchScreen.storyboard;
			sourceTree = "<group>";
		};
/* End PBXVariantGroup section */

/* Begin XCBuildConfiguration section */
		DCCBF45C219A10D20093A251 /* Debug */ = {
			isa = XCBuildConfiguration;
			buildSettings = {
				ALWAYS_SEARCH_USER_PATHS = NO;
				CLANG_ANALYZER_NONNULL = YES;
				CLANG_ANALYZER_NUMBER_OBJECT_CONVERSION = YES_AGGRESSIVE;
				CLANG_CXX_LANGUAGE_STANDARD = "gnu++14";
				CLANG_CXX_LIBRARY = "libc++";
				CLANG_ENABLE_MODULES = YES;
				CLANG_ENABLE_OBJC_ARC = YES;
				CLANG_ENABLE_OBJC_WEAK = YES;
				CLANG_WARN_BLOCK_CAPTURE_AUTORELEASING = YES;
				CLANG_WARN_BOOL_CONVERSION = YES;
				CLANG_WARN_COMMA = YES;
				CLANG_WARN_CONSTANT_CONVERSION = YES;
				CLANG_WARN_DEPRECATED_OBJC_IMPLEMENTATIONS = YES;
				CLANG_WARN_DIRECT_OBJC_ISA_USAGE = YES_ERROR;
				CLANG_WARN_DOCUMENTATION_COMMENTS = YES;
				CLANG_WARN_EMPTY_BODY = YES;
				CLANG_WARN_ENUM_CONVERSION = YES;
				CLANG_WARN_INFINITE_RECURSION = YES;
				CLANG_WARN_INT_CONVERSION = YES;
				CLANG_WARN_NON_LITERAL_NULL_CONVERSION = YES;
				CLANG_WARN_OBJC_IMPLICIT_RETAIN_SELF = YES;
				CLANG_WARN_OBJC_LITERAL_CONVERSION = YES;
				CLANG_WARN_OBJC_ROOT_CLASS = YES_ERROR;
				CLANG_WARN_RANGE_LOOP_ANALYSIS = YES;
				CLANG_WARN_STRICT_PROTOTYPES = YES;
				CLANG_WARN_SUSPICIOUS_MOVE = YES;
				CLANG_WARN_UNGUARDED_AVAILABILITY = YES_AGGRESSIVE;
				CLANG_WARN_UNREACHABLE_CODE = YES;
				CLANG_WARN__DUPLICATE_METHOD_MATCH = YES;
				CODE_SIGN_IDENTITY = "iPhone Developer";
				COPY_PHASE_STRIP = NO;
				DEBUG_INFORMATION_FORMAT = dwarf;
				ENABLE_STRICT_OBJC_MSGSEND = YES;
				ENABLE_TESTABILITY = YES;
				GCC_C_LANGUAGE_STANDARD = gnu11;
				GCC_DYNAMIC_NO_PIC = NO;
				GCC_NO_COMMON_BLOCKS = YES;
				GCC_OPTIMIZATION_LEVEL = 0;
				GCC_PREPROCESSOR_DEFINITIONS = (
					"DEBUG=1",
					"$(inherited)",
				);
				GCC_WARN_64_TO_32_BIT_CONVERSION = YES;
				GCC_WARN_ABOUT_RETURN_TYPE = YES_ERROR;
				GCC_WARN_UNDECLARED_SELECTOR = YES;
				GCC_WARN_UNINITIALIZED_AUTOS = YES_AGGRESSIVE;
				GCC_WARN_UNUSED_FUNCTION = YES;
				GCC_WARN_UNUSED_VARIABLE = YES;
				IPHONEOS_DEPLOYMENT_TARGET = 12.0;
				MTL_ENABLE_DEBUG_INFO = INCLUDE_SOURCE;
				MTL_FAST_MATH = YES;
				ONLY_ACTIVE_ARCH = YES;
				SDKROOT = iphoneos;
				SWIFT_ACTIVE_COMPILATION_CONDITIONS = DEBUG;
				SWIFT_OPTIMIZATION_LEVEL = "-Onone";
			};
			name = Debug;
		};
		DCCBF45D219A10D20093A251 /* Release */ = {
			isa = XCBuildConfiguration;
			buildSettings = {
				ALWAYS_SEARCH_USER_PATHS = NO;
				CLANG_ANALYZER_NONNULL = YES;
				CLANG_ANALYZER_NUMBER_OBJECT_CONVERSION = YES_AGGRESSIVE;
				CLANG_CXX_LANGUAGE_STANDARD = "gnu++14";
				CLANG_CXX_LIBRARY = "libc++";
				CLANG_ENABLE_MODULES = YES;
				CLANG_ENABLE_OBJC_ARC = YES;
				CLANG_ENABLE_OBJC_WEAK = YES;
				CLANG_WARN_BLOCK_CAPTURE_AUTORELEASING = YES;
				CLANG_WARN_BOOL_CONVERSION = YES;
				CLANG_WARN_COMMA = YES;
				CLANG_WARN_CONSTANT_CONVERSION = YES;
				CLANG_WARN_DEPRECATED_OBJC_IMPLEMENTATIONS = YES;
				CLANG_WARN_DIRECT_OBJC_ISA_USAGE = YES_ERROR;
				CLANG_WARN_DOCUMENTATION_COMMENTS = YES;
				CLANG_WARN_EMPTY_BODY = YES;
				CLANG_WARN_ENUM_CONVERSION = YES;
				CLANG_WARN_INFINITE_RECURSION = YES;
				CLANG_WARN_INT_CONVERSION = YES;
				CLANG_WARN_NON_LITERAL_NULL_CONVERSION = YES;
				CLANG_WARN_OBJC_IMPLICIT_RETAIN_SELF = YES;
				CLANG_WARN_OBJC_LITERAL_CONVERSION = YES;
				CLANG_WARN_OBJC_ROOT_CLASS = YES_ERROR;
				CLANG_WARN_RANGE_LOOP_ANALYSIS = YES;
				CLANG_WARN_STRICT_PROTOTYPES = YES;
				CLANG_WARN_SUSPICIOUS_MOVE = YES;
				CLANG_WARN_UNGUARDED_AVAILABILITY = YES_AGGRESSIVE;
				CLANG_WARN_UNREACHABLE_CODE = YES;
				CLANG_WARN__DUPLICATE_METHOD_MATCH = YES;
				CODE_SIGN_IDENTITY = "iPhone Developer";
				COPY_PHASE_STRIP = NO;
				DEBUG_INFORMATION_FORMAT = "dwarf-with-dsym";
				ENABLE_NS_ASSERTIONS = NO;
				ENABLE_STRICT_OBJC_MSGSEND = YES;
				GCC_C_LANGUAGE_STANDARD = gnu11;
				GCC_NO_COMMON_BLOCKS = YES;
				GCC_WARN_64_TO_32_BIT_CONVERSION = YES;
				GCC_WARN_ABOUT_RETURN_TYPE = YES_ERROR;
				GCC_WARN_UNDECLARED_SELECTOR = YES;
				GCC_WARN_UNINITIALIZED_AUTOS = YES_AGGRESSIVE;
				GCC_WARN_UNUSED_FUNCTION = YES;
				GCC_WARN_UNUSED_VARIABLE = YES;
				IPHONEOS_DEPLOYMENT_TARGET = 12.0;
				MTL_ENABLE_DEBUG_INFO = NO;
				MTL_FAST_MATH = YES;
				SDKROOT = iphoneos;
				SWIFT_COMPILATION_MODE = wholemodule;
				SWIFT_OPTIMIZATION_LEVEL = "-O";
				VALIDATE_PRODUCT = YES;
			};
			name = Release;
		};
		DCCBF45F219A10D20093A251 /* Debug */ = {
			isa = XCBuildConfiguration;
			baseConfigurationReference = 610BE2AFCC830792D1B03453 /* Pods-NYTMostPopular.debug.xcconfig */;
			buildSettings = {
				ASSETCATALOG_COMPILER_APPICON_NAME = AppIcon;
				CODE_SIGN_STYLE = Automatic;
				DEVELOPMENT_TEAM = N455B9353D;
				INFOPLIST_FILE = NYTMostPopular/Info.plist;
				IPHONEOS_DEPLOYMENT_TARGET = 10.0;
				LD_RUNPATH_SEARCH_PATHS = (
					"$(inherited)",
					"@executable_path/Frameworks",
				);
				PRODUCT_BUNDLE_IDENTIFIER = com.binshakerr.NYTMostPopular;
				PRODUCT_NAME = "$(TARGET_NAME)";
				SWIFT_VERSION = 4.2;
				TARGETED_DEVICE_FAMILY = "1,2";
			};
			name = Debug;
		};
		DCCBF460219A10D20093A251 /* Release */ = {
			isa = XCBuildConfiguration;
			baseConfigurationReference = A557F134EBBF53873BBC9E9C /* Pods-NYTMostPopular.release.xcconfig */;
			buildSettings = {
				ASSETCATALOG_COMPILER_APPICON_NAME = AppIcon;
				CODE_SIGN_STYLE = Automatic;
				DEVELOPMENT_TEAM = N455B9353D;
				INFOPLIST_FILE = NYTMostPopular/Info.plist;
				IPHONEOS_DEPLOYMENT_TARGET = 10.0;
				LD_RUNPATH_SEARCH_PATHS = (
					"$(inherited)",
					"@executable_path/Frameworks",
				);
				PRODUCT_BUNDLE_IDENTIFIER = com.binshakerr.NYTMostPopular;
				PRODUCT_NAME = "$(TARGET_NAME)";
				SWIFT_VERSION = 4.2;
				TARGETED_DEVICE_FAMILY = "1,2";
			};
			name = Release;
		};
		DCCBF462219A10D20093A251 /* Debug */ = {
			isa = XCBuildConfiguration;
			baseConfigurationReference = 9A9FF7E8499FFBB1947C7363 /* Pods-NYTMostPopularTests.debug.xcconfig */;
			buildSettings = {
				ALWAYS_EMBED_SWIFT_STANDARD_LIBRARIES = YES;
				BUNDLE_LOADER = "$(TEST_HOST)";
				CODE_SIGN_STYLE = Automatic;
				DEVELOPMENT_TEAM = N455B9353D;
				INFOPLIST_FILE = NYTMostPopularTests/Info.plist;
				LD_RUNPATH_SEARCH_PATHS = (
					"$(inherited)",
					"@executable_path/Frameworks",
					"@loader_path/Frameworks",
				);
				PRODUCT_BUNDLE_IDENTIFIER = com.binshakerr.NYTMostPopularTests;
				PRODUCT_NAME = "$(TARGET_NAME)";
				SWIFT_VERSION = 4.2;
				TARGETED_DEVICE_FAMILY = "1,2";
				TEST_HOST = "$(BUILT_PRODUCTS_DIR)/NYTMostPopular.app/NYTMostPopular";
			};
			name = Debug;
		};
		DCCBF463219A10D20093A251 /* Release */ = {
			isa = XCBuildConfiguration;
			baseConfigurationReference = FB4A090BA59DB8F6B9737DC8 /* Pods-NYTMostPopularTests.release.xcconfig */;
			buildSettings = {
				ALWAYS_EMBED_SWIFT_STANDARD_LIBRARIES = YES;
				BUNDLE_LOADER = "$(TEST_HOST)";
				CODE_SIGN_STYLE = Automatic;
				DEVELOPMENT_TEAM = N455B9353D;
				INFOPLIST_FILE = NYTMostPopularTests/Info.plist;
				LD_RUNPATH_SEARCH_PATHS = (
					"$(inherited)",
					"@executable_path/Frameworks",
					"@loader_path/Frameworks",
				);
				PRODUCT_BUNDLE_IDENTIFIER = com.binshakerr.NYTMostPopularTests;
				PRODUCT_NAME = "$(TARGET_NAME)";
				SWIFT_VERSION = 4.2;
				TARGETED_DEVICE_FAMILY = "1,2";
				TEST_HOST = "$(BUILT_PRODUCTS_DIR)/NYTMostPopular.app/NYTMostPopular";
			};
			name = Release;
		};
		DCCBF465219A10D20093A251 /* Debug */ = {
			isa = XCBuildConfiguration;
			baseConfigurationReference = 695D05899E0D0E8FEA0B14D2 /* Pods-NYTMostPopularUITests.debug.xcconfig */;
			buildSettings = {
				ALWAYS_EMBED_SWIFT_STANDARD_LIBRARIES = YES;
				CODE_SIGN_STYLE = Automatic;
				DEVELOPMENT_TEAM = N455B9353D;
				INFOPLIST_FILE = NYTMostPopularUITests/Info.plist;
				LD_RUNPATH_SEARCH_PATHS = (
					"$(inherited)",
					"@executable_path/Frameworks",
					"@loader_path/Frameworks",
				);
				PRODUCT_BUNDLE_IDENTIFIER = com.binshakerr.NYTMostPopularUITests;
				PRODUCT_NAME = "$(TARGET_NAME)";
				SWIFT_VERSION = 4.2;
				TARGETED_DEVICE_FAMILY = "1,2";
				TEST_TARGET_NAME = NYTMostPopular;
			};
			name = Debug;
		};
		DCCBF466219A10D20093A251 /* Release */ = {
			isa = XCBuildConfiguration;
			baseConfigurationReference = ACA899B466DE7DB6C3BE6853 /* Pods-NYTMostPopularUITests.release.xcconfig */;
			buildSettings = {
				ALWAYS_EMBED_SWIFT_STANDARD_LIBRARIES = YES;
				CODE_SIGN_STYLE = Automatic;
				DEVELOPMENT_TEAM = N455B9353D;
				INFOPLIST_FILE = NYTMostPopularUITests/Info.plist;
				LD_RUNPATH_SEARCH_PATHS = (
					"$(inherited)",
					"@executable_path/Frameworks",
					"@loader_path/Frameworks",
				);
				PRODUCT_BUNDLE_IDENTIFIER = com.binshakerr.NYTMostPopularUITests;
				PRODUCT_NAME = "$(TARGET_NAME)";
				SWIFT_VERSION = 4.2;
				TARGETED_DEVICE_FAMILY = "1,2";
				TEST_TARGET_NAME = NYTMostPopular;
			};
			name = Release;
		};
/* End XCBuildConfiguration section */

/* Begin XCConfigurationList section */
		DCCBF431219A10D00093A251 /* Build configuration list for PBXProject "NYTMostPopular" */ = {
			isa = XCConfigurationList;
			buildConfigurations = (
				DCCBF45C219A10D20093A251 /* Debug */,
				DCCBF45D219A10D20093A251 /* Release */,
			);
			defaultConfigurationIsVisible = 0;
			defaultConfigurationName = Release;
		};
		DCCBF45E219A10D20093A251 /* Build configuration list for PBXNativeTarget "NYTMostPopular" */ = {
			isa = XCConfigurationList;
			buildConfigurations = (
				DCCBF45F219A10D20093A251 /* Debug */,
				DCCBF460219A10D20093A251 /* Release */,
			);
			defaultConfigurationIsVisible = 0;
			defaultConfigurationName = Release;
		};
		DCCBF461219A10D20093A251 /* Build configuration list for PBXNativeTarget "NYTMostPopularTests" */ = {
			isa = XCConfigurationList;
			buildConfigurations = (
				DCCBF462219A10D20093A251 /* Debug */,
				DCCBF463219A10D20093A251 /* Release */,
			);
			defaultConfigurationIsVisible = 0;
			defaultConfigurationName = Release;
		};
		DCCBF464219A10D20093A251 /* Build configuration list for PBXNativeTarget "NYTMostPopularUITests" */ = {
			isa = XCConfigurationList;
			buildConfigurations = (
				DCCBF465219A10D20093A251 /* Debug */,
				DCCBF466219A10D20093A251 /* Release */,
			);
			defaultConfigurationIsVisible = 0;
			defaultConfigurationName = Release;
		};
/* End XCConfigurationList section */
	};
	rootObject = DCCBF42E219A10D00093A251 /* Project object */;
}
